// !$*UTF8*$!
{
	archiveVersion = 1;
	classes = {
	};
	objectVersion = 56;
	objects = {

/* Begin PBXBuildFile section */
		5A5F36EF2BA133BD001504E4 /* SwiftUITestApp.swift in Sources */ = {isa = PBXBuildFile; fileRef = 5A5F36EE2BA133BD001504E4 /* SwiftUITestApp.swift */; };
		5A5F36F12BA133BD001504E4 /* ContentView.swift in Sources */ = {isa = PBXBuildFile; fileRef = 5A5F36F02BA133BD001504E4 /* ContentView.swift */; };
		5A5F36F32BA133BE001504E4 /* Assets.xcassets in Resources */ = {isa = PBXBuildFile; fileRef = 5A5F36F22BA133BE001504E4 /* Assets.xcassets */; };
		5A5F36F62BA133BE001504E4 /* Preview Assets.xcassets in Resources */ = {isa = PBXBuildFile; fileRef = 5A5F36F52BA133BE001504E4 /* Preview Assets.xcassets */; };
		5A5F36FD2BA1348A001504E4 /* BindingView.swift in Sources */ = {isa = PBXBuildFile; fileRef = 5A5F36FC2BA1348A001504E4 /* BindingView.swift */; };
		5A5F36FF2BA171B4001504E4 /* ToggleView.swift in Sources */ = {isa = PBXBuildFile; fileRef = 5A5F36FE2BA171B4001504E4 /* ToggleView.swift */; };
		5A5F37012BA176FE001504E4 /* TextProperty.swift in Sources */ = {isa = PBXBuildFile; fileRef = 5A5F37002BA176FD001504E4 /* TextProperty.swift */; };
		5A5F37032BA17D26001504E4 /* SampleView.swift in Sources */ = {isa = PBXBuildFile; fileRef = 5A5F37022BA17D26001504E4 /* SampleView.swift */; };
		5A5F37052BA1829C001504E4 /* DataSource.swift in Sources */ = {isa = PBXBuildFile; fileRef = 5A5F37042BA1829C001504E4 /* DataSource.swift */; };
		5A5F37072BA184B0001504E4 /* Counter.swift in Sources */ = {isa = PBXBuildFile; fileRef = 5A5F37062BA184B0001504E4 /* Counter.swift */; };
		5A5F37092BA184F8001504E4 /* TextObject.swift in Sources */ = {isa = PBXBuildFile; fileRef = 5A5F37082BA184F8001504E4 /* TextObject.swift */; };
		5A5F370B2BA189CE001504E4 /* CounterView.swift in Sources */ = {isa = PBXBuildFile; fileRef = 5A5F370A2BA189CE001504E4 /* CounterView.swift */; };
		5A5F370E2BA195F4001504E4 /* ParentView.swift in Sources */ = {isa = PBXBuildFile; fileRef = 5A5F370D2BA195F4001504E4 /* ParentView.swift */; };
/* End PBXBuildFile section */

/* Begin PBXFileReference section */
		5A5F36EB2BA133BD001504E4 /* SwiftUITest.app */ = {isa = PBXFileReference; explicitFileType = wrapper.application; includeInIndex = 0; path = SwiftUITest.app; sourceTree = BUILT_PRODUCTS_DIR; };
		5A5F36EE2BA133BD001504E4 /* SwiftUITestApp.swift */ = {isa = PBXFileReference; lastKnownFileType = sourcecode.swift; path = SwiftUITestApp.swift; sourceTree = "<group>"; };
		5A5F36F02BA133BD001504E4 /* ContentView.swift */ = {isa = PBXFileReference; lastKnownFileType = sourcecode.swift; path = ContentView.swift; sourceTree = "<group>"; };
		5A5F36F22BA133BE001504E4 /* Assets.xcassets */ = {isa = PBXFileReference; lastKnownFileType = folder.assetcatalog; path = Assets.xcassets; sourceTree = "<group>"; };
		5A5F36F52BA133BE001504E4 /* Preview Assets.xcassets */ = {isa = PBXFileReference; lastKnownFileType = folder.assetcatalog; path = "Preview Assets.xcassets"; sourceTree = "<group>"; };
		5A5F36FC2BA1348A001504E4 /* BindingView.swift */ = {isa = PBXFileReference; lastKnownFileType = sourcecode.swift; path = BindingView.swift; sourceTree = "<group>"; };
		5A5F36FE2BA171B4001504E4 /* ToggleView.swift */ = {isa = PBXFileReference; lastKnownFileType = sourcecode.swift; path = ToggleView.swift; sourceTree = "<group>"; };
		5A5F37002BA176FD001504E4 /* TextProperty.swift */ = {isa = PBXFileReference; lastKnownFileType = sourcecode.swift; path = TextProperty.swift; sourceTree = "<group>"; };
		5A5F37022BA17D26001504E4 /* SampleView.swift */ = {isa = PBXFileReference; lastKnownFileType = sourcecode.swift; path = SampleView.swift; sourceTree = "<group>"; };
		5A5F37042BA1829C001504E4 /* DataSource.swift */ = {isa = PBXFileReference; lastKnownFileType = sourcecode.swift; path = DataSource.swift; sourceTree = "<group>"; };
		5A5F37062BA184B0001504E4 /* Counter.swift */ = {isa = PBXFileReference; lastKnownFileType = sourcecode.swift; path = Counter.swift; sourceTree = "<group>"; };
		5A5F37082BA184F8001504E4 /* TextObject.swift */ = {isa = PBXFileReference; lastKnownFileType = sourcecode.swift; path = TextObject.swift; sourceTree = "<group>"; };
		5A5F370A2BA189CE001504E4 /* CounterView.swift */ = {isa = PBXFileReference; lastKnownFileType = sourcecode.swift; path = CounterView.swift; sourceTree = "<group>"; };
		5A5F370D2BA195F4001504E4 /* ParentView.swift */ = {isa = PBXFileReference; lastKnownFileType = sourcecode.swift; path = ParentView.swift; sourceTree = "<group>"; };
/* End PBXFileReference section */

/* Begin PBXFrameworksBuildPhase section */
		5A5F36E82BA133BD001504E4 /* Frameworks */ = {
			isa = PBXFrameworksBuildPhase;
			buildActionMask = 2147483647;
			files = (
			);
			runOnlyForDeploymentPostprocessing = 0;
		};
/* End PBXFrameworksBuildPhase section */

/* Begin PBXGroup section */
		5A5F36E22BA133BD001504E4 = {
			isa = PBXGroup;
			children = (
				5A5F36ED2BA133BD001504E4 /* SwiftUITest */,
				5A5F36EC2BA133BD001504E4 /* Products */,
			);
			sourceTree = "<group>";
		};
		5A5F36EC2BA133BD001504E4 /* Products */ = {
			isa = PBXGroup;
			children = (
				5A5F36EB2BA133BD001504E4 /* SwiftUITest.app */,
			);
			name = Products;
			sourceTree = "<group>";
		};
		5A5F36ED2BA133BD001504E4 /* SwiftUITest */ = {
			isa = PBXGroup;
			children = (
				5A5F370C2BA19522001504E4 /* Model */,
				5A5F36EE2BA133BD001504E4 /* SwiftUITestApp.swift */,
				5A5F36F02BA133BD001504E4 /* ContentView.swift */,
				5A5F36FC2BA1348A001504E4 /* BindingView.swift */,
				5A5F37002BA176FD001504E4 /* TextProperty.swift */,
				5A5F37022BA17D26001504E4 /* SampleView.swift */,
				5A5F370A2BA189CE001504E4 /* CounterView.swift */,
				5A5F370D2BA195F4001504E4 /* ParentView.swift */,
				5A5F37062BA184B0001504E4 /* Counter.swift */,
				5A5F37082BA184F8001504E4 /* TextObject.swift */,
				5A5F36FE2BA171B4001504E4 /* ToggleView.swift */,
				5A5F36F22BA133BE001504E4 /* Assets.xcassets */,
				5A5F36F42BA133BE001504E4 /* Preview Content */,
			);
			path = SwiftUITest;
			sourceTree = "<group>";
		};
		5A5F36F42BA133BE001504E4 /* Preview Content */ = {
			isa = PBXGroup;
			children = (
				5A5F36F52BA133BE001504E4 /* Preview Assets.xcassets */,
			);
			path = "Preview Content";
			sourceTree = "<group>";
		};
		5A5F370C2BA19522001504E4 /* Model */ = {
			isa = PBXGroup;
			children = (
				5A5F37042BA1829C001504E4 /* DataSource.swift */,
			);
			path = Model;
			sourceTree = "<group>";
		};
/* End PBXGroup section */

/* Begin PBXNativeTarget section */
		5A5F36EA2BA133BD001504E4 /* SwiftUITest */ = {
			isa = PBXNativeTarget;
			buildConfigurationList = 5A5F36F92BA133BE001504E4 /* Build configuration list for PBXNativeTarget "SwiftUITest" */;
			buildPhases = (
				5A5F36E72BA133BD001504E4 /* Sources */,
				5A5F36E82BA133BD001504E4 /* Frameworks */,
				5A5F36E92BA133BD001504E4 /* Resources */,
			);
			buildRules = (
			);
			dependencies = (
			);
			name = SwiftUITest;
			productName = SwiftUITest;
			productReference = 5A5F36EB2BA133BD001504E4 /* SwiftUITest.app */;
			productType = "com.apple.product-type.application";
		};
/* End PBXNativeTarget section */

/* Begin PBXProject section */
		5A5F36E32BA133BD001504E4 /* Project object */ = {
			isa = PBXProject;
			attributes = {
				BuildIndependentTargetsInParallel = 1;
				LastSwiftUpdateCheck = 1520;
				LastUpgradeCheck = 1520;
				TargetAttributes = {
					5A5F36EA2BA133BD001504E4 = {
						CreatedOnToolsVersion = 15.2;
					};
				};
			};
			buildConfigurationList = 5A5F36E62BA133BD001504E4 /* Build configuration list for PBXProject "SwiftUITest" */;
			compatibilityVersion = "Xcode 14.0";
			developmentRegion = en;
			hasScannedForEncodings = 0;
			knownRegions = (
				en,
				Base,
			);
			mainGroup = 5A5F36E22BA133BD001504E4;
			productRefGroup = 5A5F36EC2BA133BD001504E4 /* Products */;
			projectDirPath = "";
			projectRoot = "";
			targets = (
				5A5F36EA2BA133BD001504E4 /* SwiftUITest */,
			);
		};
/* End PBXProject section */

/* Begin PBXResourcesBuildPhase section */
		5A5F36E92BA133BD001504E4 /* Resources */ = {
			isa = PBXResourcesBuildPhase;
			buildActionMask = 2147483647;
			files = (
				5A5F36F62BA133BE001504E4 /* Preview Assets.xcassets in Resources */,
				5A5F36F32BA133BE001504E4 /* Assets.xcassets in Resources */,
			);
			runOnlyForDeploymentPostprocessing = 0;
		};
/* End PBXResourcesBuildPhase section */

/* Begin PBXSourcesBuildPhase section */
		5A5F36E72BA133BD001504E4 /* Sources */ = {
			isa = PBXSourcesBuildPhase;
			buildActionMask = 2147483647;
			files = (
				5A5F37072BA184B0001504E4 /* Counter.swift in Sources */,
				5A5F37052BA1829C001504E4 /* DataSource.swift in Sources */,
				5A5F37012BA176FE001504E4 /* TextProperty.swift in Sources */,
				5A5F36FF2BA171B4001504E4 /* ToggleView.swift in Sources */,
				5A5F36F12BA133BD001504E4 /* ContentView.swift in Sources */,
				5A5F36EF2BA133BD001504E4 /* SwiftUITestApp.swift in Sources */,
				5A5F37032BA17D26001504E4 /* SampleView.swift in Sources */,
				5A5F36FD2BA1348A001504E4 /* BindingView.swift in Sources */,
				5A5F370E2BA195F4001504E4 /* ParentView.swift in Sources */,
				5A5F37092BA184F8001504E4 /* TextObject.swift in Sources */,
				5A5F370B2BA189CE001504E4 /* CounterView.swift in Sources */,
			);
			runOnlyForDeploymentPostprocessing = 0;
		};
/* End PBXSourcesBuildPhase section */

/* Begin XCBuildConfiguration section */
		5A5F36F72BA133BE001504E4 /* Debug */ = {
			isa = XCBuildConfiguration;
			buildSettings = {
				ALWAYS_SEARCH_USER_PATHS = NO;
				ASSETCATALOG_COMPILER_GENERATE_SWIFT_ASSET_SYMBOL_EXTENSIONS = YES;
				CLANG_ANALYZER_NONNULL = YES;
				CLANG_ANALYZER_NUMBER_OBJECT_CONVERSION = YES_AGGRESSIVE;
				CLANG_CXX_LANGUAGE_STANDARD = "gnu++20";
				CLANG_ENABLE_MODULES = YES;
				CLANG_ENABLE_OBJC_ARC = YES;
				CLANG_ENABLE_OBJC_WEAK = YES;
				CLANG_WARN_BLOCK_CAPTURE_AUTORELEASING = YES;
				CLANG_WARN_BOOL_CONVERSION = YES;
				CLANG_WARN_COMMA = YES;
				CLANG_WARN_CONSTANT_CONVERSION = YES;
				CLANG_WARN_DEPRECATED_OBJC_IMPLEMENTATIONS = YES;
				CLANG_WARN_DIRECT_OBJC_ISA_USAGE = YES_ERROR;
				CLANG_WARN_DOCUMENTATION_COMMENTS = YES;
				CLANG_WARN_EMPTY_BODY = YES;
				CLANG_WARN_ENUM_CONVERSION = YES;
				CLANG_WARN_INFINITE_RECURSION = YES;
				CLANG_WARN_INT_CONVERSION = YES;
				CLANG_WARN_NON_LITERAL_NULL_CONVERSION = YES;
				CLANG_WARN_OBJC_IMPLICIT_RETAIN_SELF = YES;
				CLANG_WARN_OBJC_LITERAL_CONVERSION = YES;
				CLANG_WARN_OBJC_ROOT_CLASS = YES_ERROR;
				CLANG_WARN_QUOTED_INCLUDE_IN_FRAMEWORK_HEADER = YES;
				CLANG_WARN_RANGE_LOOP_ANALYSIS = YES;
				CLANG_WARN_STRICT_PROTOTYPES = YES;
				CLANG_WARN_SUSPICIOUS_MOVE = YES;
				CLANG_WARN_UNGUARDED_AVAILABILITY = YES_AGGRESSIVE;
				CLANG_WARN_UNREACHABLE_CODE = YES;
				CLANG_WARN__DUPLICATE_METHOD_MATCH = YES;
				COPY_PHASE_STRIP = NO;
				DEBUG_INFORMATION_FORMAT = dwarf;
				ENABLE_STRICT_OBJC_MSGSEND = YES;
				ENABLE_TESTABILITY = YES;
				ENABLE_USER_SCRIPT_SANDBOXING = YES;
				GCC_C_LANGUAGE_STANDARD = gnu17;
				GCC_DYNAMIC_NO_PIC = NO;
				GCC_NO_COMMON_BLOCKS = YES;
				GCC_OPTIMIZATION_LEVEL = 0;
				GCC_PREPROCESSOR_DEFINITIONS = (
					"DEBUG=1",
					"$(inherited)",
				);
				GCC_WARN_64_TO_32_BIT_CONVERSION = YES;
				GCC_WARN_ABOUT_RETURN_TYPE = YES_ERROR;
				GCC_WARN_UNDECLARED_SELECTOR = YES;
				GCC_WARN_UNINITIALIZED_AUTOS = YES_AGGRESSIVE;
				GCC_WARN_UNUSED_FUNCTION = YES;
				GCC_WARN_UNUSED_VARIABLE = YES;
				IPHONEOS_DEPLOYMENT_TARGET = 17.2;
				LOCALIZATION_PREFERS_STRING_CATALOGS = YES;
				MTL_ENABLE_DEBUG_INFO = INCLUDE_SOURCE;
				MTL_FAST_MATH = YES;
				ONLY_ACTIVE_ARCH = YES;
				SDKROOT = iphoneos;
				SWIFT_ACTIVE_COMPILATION_CONDITIONS = "DEBUG $(inherited)";
				SWIFT_OPTIMIZATION_LEVEL = "-Onone";
			};
			name = Debug;
		};
		5A5F36F82BA133BE001504E4 /* Release */ = {
			isa = XCBuildConfiguration;
			buildSettings = {
				ALWAYS_SEARCH_USER_PATHS = NO;
				ASSETCATALOG_COMPILER_GENERATE_SWIFT_ASSET_SYMBOL_EXTENSIONS = YES;
				CLANG_ANALYZER_NONNULL = YES;
				CLANG_ANALYZER_NUMBER_OBJECT_CONVERSION = YES_AGGRESSIVE;
				CLANG_CXX_LANGUAGE_STANDARD = "gnu++20";
				CLANG_ENABLE_MODULES = YES;
				CLANG_ENABLE_OBJC_ARC = YES;
				CLANG_ENABLE_OBJC_WEAK = YES;
				CLANG_WARN_BLOCK_CAPTURE_AUTORELEASING = YES;
				CLANG_WARN_BOOL_CONVERSION = YES;
				CLANG_WARN_COMMA = YES;
				CLANG_WARN_CONSTANT_CONVERSION = YES;
				CLANG_WARN_DEPRECATED_OBJC_IMPLEMENTATIONS = YES;
				CLANG_WARN_DIRECT_OBJC_ISA_USAGE = YES_ERROR;
				CLANG_WARN_DOCUMENTATION_COMMENTS = YES;
				CLANG_WARN_EMPTY_BODY = YES;
				CLANG_WARN_ENUM_CONVERSION = YES;
				CLANG_WARN_INFINITE_RECURSION = YES;
				CLANG_WARN_INT_CONVERSION = YES;
				CLANG_WARN_NON_LITERAL_NULL_CONVERSION = YES;
				CLANG_WARN_OBJC_IMPLICIT_RETAIN_SELF = YES;
				CLANG_WARN_OBJC_LITERAL_CONVERSION = YES;
				CLANG_WARN_OBJC_ROOT_CLASS = YES_ERROR;
				CLANG_WARN_QUOTED_INCLUDE_IN_FRAMEWORK_HEADER = YES;
				CLANG_WARN_RANGE_LOOP_ANALYSIS = YES;
				CLANG_WARN_STRICT_PROTOTYPES = YES;
				CLANG_WARN_SUSPICIOUS_MOVE = YES;
				CLANG_WARN_UNGUARDED_AVAILABILITY = YES_AGGRESSIVE;
				CLANG_WARN_UNREACHABLE_CODE = YES;
				CLANG_WARN__DUPLICATE_METHOD_MATCH = YES;
				COPY_PHASE_STRIP = NO;
				DEBUG_INFORMATION_FORMAT = "dwarf-with-dsym";
				ENABLE_NS_ASSERTIONS = NO;
				ENABLE_STRICT_OBJC_MSGSEND = YES;
				ENABLE_USER_SCRIPT_SANDBOXING = YES;
				GCC_C_LANGUAGE_STANDARD = gnu17;
				GCC_NO_COMMON_BLOCKS = YES;
				GCC_WARN_64_TO_32_BIT_CONVERSION = YES;
				GCC_WARN_ABOUT_RETURN_TYPE = YES_ERROR;
				GCC_WARN_UNDECLARED_SELECTOR = YES;
				GCC_WARN_UNINITIALIZED_AUTOS = YES_AGGRESSIVE;
				GCC_WARN_UNUSED_FUNCTION = YES;
				GCC_WARN_UNUSED_VARIABLE = YES;
				IPHONEOS_DEPLOYMENT_TARGET = 17.2;
				LOCALIZATION_PREFERS_STRING_CATALOGS = YES;
				MTL_ENABLE_DEBUG_INFO = NO;
				MTL_FAST_MATH = YES;
				SDKROOT = iphoneos;
				SWIFT_COMPILATION_MODE = wholemodule;
				VALIDATE_PRODUCT = YES;
			};
			name = Release;
		};
		5A5F36FA2BA133BE001504E4 /* Debug */ = {
			isa = XCBuildConfiguration;
			buildSettings = {
				ASSETCATALOG_COMPILER_APPICON_NAME = AppIcon;
				ASSETCATALOG_COMPILER_GLOBAL_ACCENT_COLOR_NAME = AccentColor;
				CODE_SIGN_STYLE = Automatic;
				CURRENT_PROJECT_VERSION = 1;
				DEVELOPMENT_ASSET_PATHS = "\"SwiftUITest/Preview Content\"";
				DEVELOPMENT_TEAM = ZD3T6BC63N;
				ENABLE_PREVIEWS = YES;
				GENERATE_INFOPLIST_FILE = YES;
				INFOPLIST_KEY_UIApplicationSceneManifest_Generation = YES;
				INFOPLIST_KEY_UIApplicationSupportsIndirectInputEvents = YES;
				INFOPLIST_KEY_UILaunchScreen_Generation = YES;
				INFOPLIST_KEY_UISupportedInterfaceOrientations_iPad = "UIInterfaceOrientationPortrait UIInterfaceOrientationPortraitUpsideDown UIInterfaceOrientationLandscapeLeft UIInterfaceOrientationLandscapeRight";
				INFOPLIST_KEY_UISupportedInterfaceOrientations_iPhone = "UIInterfaceOrientationPortrait UIInterfaceOrientationLandscapeLeft UIInterfaceOrientationLandscapeRight";
				IPHONEOS_DEPLOYMENT_TARGET = 15.0;
				LD_RUNPATH_SEARCH_PATHS = (
					"$(inherited)",
					"@executable_path/Frameworks",
				);
				MARKETING_VERSION = 1.0;
				PRODUCT_BUNDLE_IDENTIFIER = "K-Company.SwiftUITest";
				PRODUCT_NAME = "$(TARGET_NAME)";
				SWIFT_EMIT_LOC_STRINGS = YES;
				SWIFT_VERSION = 5.0;
				TARGETED_DEVICE_FAMILY = "1,2";
			};
			name = Debug;
		};
		5A5F36FB2BA133BE001504E4 /* Release */ = {
			isa = XCBuildConfiguration;
			buildSettings = {
				ASSETCATALOG_COMPILER_APPICON_NAME = AppIcon;
				ASSETCATALOG_COMPILER_GLOBAL_ACCENT_COLOR_NAME = AccentColor;
				CODE_SIGN_STYLE = Automatic;
				CURRENT_PROJECT_VERSION = 1;
				DEVELOPMENT_ASSET_PATHS = "\"SwiftUITest/Preview Content\"";
				DEVELOPMENT_TEAM = ZD3T6BC63N;
				ENABLE_PREVIEWS = YES;
				GENERATE_INFOPLIST_FILE = YES;
				INFOPLIST_KEY_UIApplicationSceneManifest_Generation = YES;
				INFOPLIST_KEY_UIApplicationSupportsIndirectInputEvents = YES;
				INFOPLIST_KEY_UILaunchScreen_Generation = YES;
				INFOPLIST_KEY_UISupportedInterfaceOrientations_iPad = "UIInterfaceOrientationPortrait UIInterfaceOrientationPortraitUpsideDown UIInterfaceOrientationLandscapeLeft UIInterfaceOrientationLandscapeRight";
				INFOPLIST_KEY_UISupportedInterfaceOrientations_iPhone = "UIInterfaceOrientationPortrait UIInterfaceOrientationLandscapeLeft UIInterfaceOrientationLandscapeRight";
				IPHONEOS_DEPLOYMENT_TARGET = 15.0;
				LD_RUNPATH_SEARCH_PATHS = (
					"$(inherited)",
					"@executable_path/Frameworks",
				);
				MARKETING_VERSION = 1.0;
				PRODUCT_BUNDLE_IDENTIFIER = "K-Company.SwiftUITest";
				PRODUCT_NAME = "$(TARGET_NAME)";
				SWIFT_EMIT_LOC_STRINGS = YES;
				SWIFT_VERSION = 5.0;
				TARGETED_DEVICE_FAMILY = "1,2";
			};
			name = Release;
		};
/* End XCBuildConfiguration section */

/* Begin XCConfigurationList section */
		5A5F36E62BA133BD001504E4 /* Build configuration list for PBXProject "SwiftUITest" */ = {
			isa = XCConfigurationList;
			buildConfigurations = (
				5A5F36F72BA133BE001504E4 /* Debug */,
				5A5F36F82BA133BE001504E4 /* Release */,
			);
			defaultConfigurationIsVisible = 0;
			defaultConfigurationName = Release;
		};
		5A5F36F92BA133BE001504E4 /* Build configuration list for PBXNativeTarget "SwiftUITest" */ = {
			isa = XCConfigurationList;
			buildConfigurations = (
				5A5F36FA2BA133BE001504E4 /* Debug */,
				5A5F36FB2BA133BE001504E4 /* Release */,
			);
			defaultConfigurationIsVisible = 0;
			defaultConfigurationName = Release;
		};
/* End XCConfigurationList section */
	};
	rootObject = 5A5F36E32BA133BD001504E4 /* Project object */;
}
